{
  "name": "DocumentApp",
  "lockfileVersion": 2,
  "requires": true,
  "packages": {
    "": {
      "dependencies": {
        "@angular/animations": "^15.1.4",
        "@angular/platform-server": "^15.1.3",
        "@nguniversal/module-map-ngfactory-loader": "^8.2.6",
        "bootstrap": "^5.2.3"
      }
    },
    "node_modules/@angular/animations": {
      "version": "15.1.4",
      "resolved": "https://registry.npmjs.org/@angular/animations/-/animations-15.1.4.tgz",
      "integrity": "sha512-aNLBjEsxykkG+cVA86IMLQaqVym7TSe3yAVM+KrOX4l76V7rDnByR/Fh29mj5tOfx/V08gm4HgIQ7VMqZAhCWw==",
      "dependencies": {
        "tslib": "^2.3.0"
      },
      "engines": {
        "node": "^14.20.0 || ^16.13.0 || >=18.10.0"
      },
      "peerDependencies": {
        "@angular/core": "15.1.4"
      }
    },
    "node_modules/@angular/platform-server": {
      "version": "15.1.3",
      "resolved": "https://registry.npmjs.org/@angular/platform-server/-/platform-server-15.1.3.tgz",
      "integrity": "sha512-FOqCcsW1dCaT8xB1zJZezlHSZxsfnnWflapauWszitCNmqav27jAXsJdQDcQN/j1KwsrvDkL7zaPksmphqebvg==",
      "dependencies": {
        "domino": "^2.1.2",
        "tslib": "^2.3.0",
        "xhr2": "^0.2.0"
      },
      "engines": {
        "node": "^14.20.0 || ^16.13.0 || >=18.10.0"
      },
      "peerDependencies": {
        "@angular/animations": "15.1.3",
        "@angular/common": "15.1.3",
        "@angular/compiler": "15.1.3",
        "@angular/core": "15.1.3",
        "@angular/platform-browser": "15.1.3",
        "@angular/platform-browser-dynamic": "15.1.3"
      }
    },
    "node_modules/@nguniversal/module-map-ngfactory-loader": {
      "version": "8.2.6",
      "resolved": "https://registry.npmjs.org/@nguniversal/module-map-ngfactory-loader/-/module-map-ngfactory-loader-8.2.6.tgz",
      "integrity": "sha512-YcxXSrDZt6iDR+YbesJvprNpHd1nRLeThJwAFlcwvK/GVGSyKeWV6eqk3bRkBkgkw8OwaG/4lOQ4aofxQw+13w==",
      "deprecated": "The string form of `loadChildren` is deprecated, this package is part of its implementation and is no longer needed if not using string form lazy loading. See: https://angular.io/api/router/LoadChildren for more details.",
      "peerDependencies": {
        "@angular/common": "^8.2.0",
        "@angular/core": "^8.2.0",
        "@angular/platform-server": "^8.2.0"
      }
    },
    "node_modules/bootstrap": {
      "version": "5.2.3",
      "resolved": "https://registry.npmjs.org/bootstrap/-/bootstrap-5.2.3.tgz",
      "integrity": "sha512-cEKPM+fwb3cT8NzQZYEu4HilJ3anCrWqh3CHAok1p9jXqMPsPTBhU25fBckEJHJ/p+tTxTFTsFQGM+gaHpi3QQ==",
      "funding": [
        {
          "type": "github",
          "url": "https://github.com/sponsors/twbs"
        },
        {
          "type": "opencollective",
          "url": "https://opencollective.com/bootstrap"
        }
      ],
      "peerDependencies": {
        "@popperjs/core": "^2.11.6"
      }
    },
    "node_modules/domino": {
      "version": "2.1.6",
      "resolved": "https://registry.npmjs.org/domino/-/domino-2.1.6.tgz",
      "integrity": "sha512-3VdM/SXBZX2omc9JF9nOPCtDaYQ67BGp5CoLpIQlO2KCAPETs8TcDHacF26jXadGbvUteZzRTeos2fhID5+ucQ=="
    },
    "node_modules/tslib": {
      "version": "2.5.0",
      "resolved": "https://registry.npmjs.org/tslib/-/tslib-2.5.0.tgz",
      "integrity": "sha512-336iVw3rtn2BUK7ORdIAHTyxHGRIHVReokCR3XjbckJMK7ms8FysBfhLR8IXnAgy7T0PTPNBWKiH514FOW/WSg=="
    },
    "node_modules/xhr2": {
      "version": "0.2.1",
      "resolved": "https://registry.npmjs.org/xhr2/-/xhr2-0.2.1.tgz",
      "integrity": "sha512-sID0rrVCqkVNUn8t6xuv9+6FViXjUVXq8H5rWOH2rz9fDNQEd4g0EA2XlcEdJXRz5BMEn4O1pJFdT+z4YHhoWw==",
      "engines": {
        "node": ">= 6"
      }
    }
  },
  "dependencies": {
    "@angular/animations": {
      "version": "15.1.4",
      "resolved": "https://registry.npmjs.org/@angular/animations/-/animations-15.1.4.tgz",
      "integrity": "sha512-aNLBjEsxykkG+cVA86IMLQaqVym7TSe3yAVM+KrOX4l76V7rDnByR/Fh29mj5tOfx/V08gm4HgIQ7VMqZAhCWw==",
      "requires": {
        "tslib": "^2.3.0"
      }
    },
    "@angular/platform-server": {
      "version": "15.1.3",
      "resolved": "https://registry.npmjs.org/@angular/platform-server/-/platform-server-15.1.3.tgz",
      "integrity": "sha512-FOqCcsW1dCaT8xB1zJZezlHSZxsfnnWflapauWszitCNmqav27jAXsJdQDcQN/j1KwsrvDkL7zaPksmphqebvg==",
      "requires": {
        "domino": "^2.1.2",
        "tslib": "^2.3.0",
        "xhr2": "^0.2.0"
      }
    },
    "@nguniversal/module-map-ngfactory-loader": {
      "version": "8.2.6",
      "resolved": "https://registry.npmjs.org/@nguniversal/module-map-ngfactory-loader/-/module-map-ngfactory-loader-8.2.6.tgz",
      "integrity": "sha512-YcxXSrDZt6iDR+YbesJvprNpHd1nRLeThJwAFlcwvK/GVGSyKeWV6eqk3bRkBkgkw8OwaG/4lOQ4aofxQw+13w=="
    },
    "bootstrap": {
      "version": "5.2.3",
      "resolved": "https://registry.npmjs.org/bootstrap/-/bootstrap-5.2.3.tgz",
      "integrity": "sha512-cEKPM+fwb3cT8NzQZYEu4HilJ3anCrWqh3CHAok1p9jXqMPsPTBhU25fBckEJHJ/p+tTxTFTsFQGM+gaHpi3QQ=="
    },
    "domino": {
      "version": "2.1.6",
      "resolved": "https://registry.npmjs.org/domino/-/domino-2.1.6.tgz",
      "integrity": "sha512-3VdM/SXBZX2omc9JF9nOPCtDaYQ67BGp5CoLpIQlO2KCAPETs8TcDHacF26jXadGbvUteZzRTeos2fhID5+ucQ=="
    },
    "tslib": {
      "version": "2.5.0",
      "resolved": "https://registry.npmjs.org/tslib/-/tslib-2.5.0.tgz",
      "integrity": "sha512-336iVw3rtn2BUK7ORdIAHTyxHGRIHVReokCR3XjbckJMK7ms8FysBfhLR8IXnAgy7T0PTPNBWKiH514FOW/WSg=="
    },
    "xhr2": {
      "version": "0.2.1",
      "resolved": "https://registry.npmjs.org/xhr2/-/xhr2-0.2.1.tgz",
      "integrity": "sha512-sID0rrVCqkVNUn8t6xuv9+6FViXjUVXq8H5rWOH2rz9fDNQEd4g0EA2XlcEdJXRz5BMEn4O1pJFdT+z4YHhoWw=="
    }
  }
}
